
Microsoft Visual Studio Solution File, Format Version 12.00
# Visual Studio 2012
Project("{FAE04EC0-301F-11D3-BF4B-00C04F79EFBC}") = "pos-01", "pos-01\pos-01.csproj", "{B0814A5B-5F02-447E-B9B3-70D7465E3E1E}"
EndProject
Global
	GlobalSection(SolutionConfigurationPlatforms) = preSolution
		Debug|Any CPU = Debug|Any CPU
		Release|Any CPU = Release|Any CPU
	EndGlobalSection
	GlobalSection(ProjectConfigurationPlatforms) = postSolution
		{B0814A5B-5F02-447E-B9B3-70D7465E3E1E}.Debug|Any CPU.ActiveCfg = Debug|Any CPU
		{B0814A5B-5F02-447E-B9B3-70D7465E3E1E}.Debug|Any CPU.Build.0 = Debug|Any CPU
		{B0814A5B-5F02-447E-B9B3-70D7465E3E1E}.Release|Any CPU.ActiveCfg = Release|Any CPU
		{B0814A5B-5F02-447E-B9B3-70D7465E3E1E}.Release|Any CPU.Build.0 = Release|Any CPU
	EndGlobalSection
	GlobalSection(SolutionProperties) = preSolution
		HideSolutionNode = FALSE
	EndGlobalSection
EndGlobal
